
Microsoft Visual Studio Solution File, Format Version 12.00
# Visual Studio Version 16
VisualStudioVersion = 16.0.31829.152
MinimumVisualStudioVersion = 10.0.40219.1
Project("{FAE04EC0-301F-11D3-BF4B-00C04F79EFBC}") = "LanguegeTutor", "LanguegeTutor\LanguegeTutor.csproj", "{6EC7469D-0891-4BDE-AFCA-93E782110E3D}"
EndProject
Global
	GlobalSection(SolutionConfigurationPlatforms) = preSolution
		Debug|Any CPU = Debug|Any CPU
		Release|Any CPU = Release|Any CPU
	EndGlobalSection
	GlobalSection(ProjectConfigurationPlatforms) = postSolution
		{6EC7469D-0891-4BDE-AFCA-93E782110E3D}.Debug|Any CPU.ActiveCfg = Debug|Any CPU
		{6EC7469D-0891-4BDE-AFCA-93E782110E3D}.Debug|Any CPU.Build.0 = Debug|Any CPU
		{6EC7469D-0891-4BDE-AFCA-93E782110E3D}.Release|Any CPU.ActiveCfg = Release|Any CPU
		{6EC7469D-0891-4BDE-AFCA-93E782110E3D}.Release|Any CPU.Build.0 = Release|Any CPU
	EndGlobalSection
	GlobalSection(SolutionProperties) = preSolution
		HideSolutionNode = FALSE
	EndGlobalSection
	GlobalSection(ExtensibilityGlobals) = postSolution
		SolutionGuid = {81D6F829-97E8-43C6-BE4C-284D549A6613}
	EndGlobalSection
EndGlobal
